
Microsoft Visual Studio Solution File, Format Version 12.00
# Visual Studio Version 17
VisualStudioVersion = 17.9.34728.123
MinimumVisualStudioVersion = 10.0.40219.1
Project("{FAE04EC0-301F-11D3-BF4B-00C04F79EFBC}") = "LeetCode", "LeetCode\LeetCode.csproj", "{7A8D554D-7340-4733-A1CC-17510C0C4677}"
EndProject
Project("{FAE04EC0-301F-11D3-BF4B-00C04F79EFBC}") = "LeetCodeTests", "LeetCodeTests\LeetCodeTests.csproj", "{0EDCC4C0-9DC2-4BC2-9049-67563DF74D25}"
EndProject
Global
	GlobalSection(SolutionConfigurationPlatforms) = preSolution
		Debug|Any CPU = Debug|Any CPU
		Release|Any CPU = Release|Any CPU
	EndGlobalSection
	GlobalSection(ProjectConfigurationPlatforms) = postSolution
		{7A8D554D-7340-4733-A1CC-17510C0C4677}.Debug|Any CPU.ActiveCfg = Debug|Any CPU
		{7A8D554D-7340-4733-A1CC-17510C0C4677}.Debug|Any CPU.Build.0 = Debug|Any CPU
		{7A8D554D-7340-4733-A1CC-17510C0C4677}.Release|Any CPU.ActiveCfg = Release|Any CPU
		{7A8D554D-7340-4733-A1CC-17510C0C4677}.Release|Any CPU.Build.0 = Release|Any CPU
		{0EDCC4C0-9DC2-4BC2-9049-67563DF74D25}.Debug|Any CPU.ActiveCfg = Debug|Any CPU
		{0EDCC4C0-9DC2-4BC2-9049-67563DF74D25}.Debug|Any CPU.Build.0 = Debug|Any CPU
		{0EDCC4C0-9DC2-4BC2-9049-67563DF74D25}.Release|Any CPU.ActiveCfg = Release|Any CPU
		{0EDCC4C0-9DC2-4BC2-9049-67563DF74D25}.Release|Any CPU.Build.0 = Release|Any CPU
	EndGlobalSection
	GlobalSection(SolutionProperties) = preSolution
		HideSolutionNode = FALSE
	EndGlobalSection
	GlobalSection(ExtensibilityGlobals) = postSolution
		SolutionGuid = {CC6FAB9F-B1C4-4A6B-844E-A8C1FB7BF161}
	EndGlobalSection
EndGlobal
